
Microsoft Visual Studio Solution File, Format Version 12.00
# Visual Studio Version 17
VisualStudioVersion = 17.14.36930.0 d17.14
MinimumVisualStudioVersion = 10.0.40219.1
Project("{FAE04EC0-301F-11D3-BF4B-00C04F79EFBC}") = "ADO", "ADO\ADO.csproj", "{9A3E32D3-096E-458E-B11D-E28E20AD0558}"
EndProject
Global
	GlobalSection(SolutionConfigurationPlatforms) = preSolution
		Debug|Any CPU = Debug|Any CPU
		Release|Any CPU = Release|Any CPU
	EndGlobalSection
	GlobalSection(ProjectConfigurationPlatforms) = postSolution
		{9A3E32D3-096E-458E-B11D-E28E20AD0558}.Debug|Any CPU.ActiveCfg = Debug|Any CPU
		{9A3E32D3-096E-458E-B11D-E28E20AD0558}.Debug|Any CPU.Build.0 = Debug|Any CPU
		{9A3E32D3-096E-458E-B11D-E28E20AD0558}.Release|Any CPU.ActiveCfg = Release|Any CPU
		{9A3E32D3-096E-458E-B11D-E28E20AD0558}.Release|Any CPU.Build.0 = Release|Any CPU
	EndGlobalSection
	GlobalSection(SolutionProperties) = preSolution
		HideSolutionNode = FALSE
	EndGlobalSection
	GlobalSection(ExtensibilityGlobals) = postSolution
		SolutionGuid = {15A94F12-68DA-4B84-96BA-E33D10D03038}
	EndGlobalSection
EndGlobal
